
Microsoft Visual Studio Solution File, Format Version 12.00
# Visual Studio Version 17
VisualStudioVersion = 17.0.32014.148
MinimumVisualStudioVersion = 10.0.40219.1
Project("{9A19103F-16F7-4668-BE54-9A1E7A4F7556}") = "x^12(3 way)", "x^12(3 way)\x^12(3 way).csproj", "{9060166F-75A3-4BD3-8B5A-AD4DACF548CA}"
EndProject
Project("{9A19103F-16F7-4668-BE54-9A1E7A4F7556}") = "DinArDeletN", "DinArDeletN\DinArDeletN.csproj", "{C6DB7840-41E7-47C7-8394-3DE9E0CD7C7B}"
EndProject
Project("{9A19103F-16F7-4668-BE54-9A1E7A4F7556}") = "PowInteger", "PowInteger\PowInteger.csproj", "{DE1F83D9-4C9C-4D36-BE11-42B53F12F57B}"
EndProject
Project("{FAE04EC0-301F-11D3-BF4B-00C04F79EFBC}") = "Stack", "Stack\Stack.csproj", "{1809DA95-074D-4CC5-96AC-51594C52B581}"
EndProject
Global
	GlobalSection(SolutionConfigurationPlatforms) = preSolution
		Debug|Any CPU = Debug|Any CPU
		Release|Any CPU = Release|Any CPU
	EndGlobalSection
	GlobalSection(ProjectConfigurationPlatforms) = postSolution
		{9060166F-75A3-4BD3-8B5A-AD4DACF548CA}.Debug|Any CPU.ActiveCfg = Debug|Any CPU
		{9060166F-75A3-4BD3-8B5A-AD4DACF548CA}.Debug|Any CPU.Build.0 = Debug|Any CPU
		{9060166F-75A3-4BD3-8B5A-AD4DACF548CA}.Release|Any CPU.ActiveCfg = Release|Any CPU
		{9060166F-75A3-4BD3-8B5A-AD4DACF548CA}.Release|Any CPU.Build.0 = Release|Any CPU
		{C6DB7840-41E7-47C7-8394-3DE9E0CD7C7B}.Debug|Any CPU.ActiveCfg = Debug|Any CPU
		{C6DB7840-41E7-47C7-8394-3DE9E0CD7C7B}.Debug|Any CPU.Build.0 = Debug|Any CPU
		{C6DB7840-41E7-47C7-8394-3DE9E0CD7C7B}.Release|Any CPU.ActiveCfg = Release|Any CPU
		{C6DB7840-41E7-47C7-8394-3DE9E0CD7C7B}.Release|Any CPU.Build.0 = Release|Any CPU
		{DE1F83D9-4C9C-4D36-BE11-42B53F12F57B}.Debug|Any CPU.ActiveCfg = Debug|Any CPU
		{DE1F83D9-4C9C-4D36-BE11-42B53F12F57B}.Debug|Any CPU.Build.0 = Debug|Any CPU
		{DE1F83D9-4C9C-4D36-BE11-42B53F12F57B}.Release|Any CPU.ActiveCfg = Release|Any CPU
		{DE1F83D9-4C9C-4D36-BE11-42B53F12F57B}.Release|Any CPU.Build.0 = Release|Any CPU
		{1809DA95-074D-4CC5-96AC-51594C52B581}.Debug|Any CPU.ActiveCfg = Debug|Any CPU
		{1809DA95-074D-4CC5-96AC-51594C52B581}.Debug|Any CPU.Build.0 = Debug|Any CPU
		{1809DA95-074D-4CC5-96AC-51594C52B581}.Release|Any CPU.ActiveCfg = Release|Any CPU
		{1809DA95-074D-4CC5-96AC-51594C52B581}.Release|Any CPU.Build.0 = Release|Any CPU
	EndGlobalSection
	GlobalSection(SolutionProperties) = preSolution
		HideSolutionNode = FALSE
	EndGlobalSection
	GlobalSection(ExtensibilityGlobals) = postSolution
		SolutionGuid = {8E24F994-3869-44AD-9FE6-930ED274B4DB}
	EndGlobalSection
EndGlobal
